// !$*UTF8*$!
{
	archiveVersion = 1;
	classes = {
	};
	objectVersion = 48;
	objects = {

/* Begin PBXBuildFile section */
		0CB0F3422064AE7C0039D95A /* AppDelegate.swift in Sources */ = {isa = PBXBuildFile; fileRef = 0CB0F3412064AE7C0039D95A /* AppDelegate.swift */; };
		0CB0F3442064AE7C0039D95A /* ViewController.swift in Sources */ = {isa = PBXBuildFile; fileRef = 0CB0F3432064AE7C0039D95A /* ViewController.swift */; };
		0CB0F3472064AE7C0039D95A /* Main.storyboard in Resources */ = {isa = PBXBuildFile; fileRef = 0CB0F3452064AE7C0039D95A /* Main.storyboard */; };
		0CB0F3492064AE7C0039D95A /* Assets.xcassets in Resources */ = {isa = PBXBuildFile; fileRef = 0CB0F3482064AE7C0039D95A /* Assets.xcassets */; };
		0CB0F34C2064AE7C0039D95A /* LaunchScreen.storyboard in Resources */ = {isa = PBXBuildFile; fileRef = 0CB0F34A2064AE7C0039D95A /* LaunchScreen.storyboard */; };
		0CB0F3542064AEE80039D95A /* NetworkController.swift in Sources */ = {isa = PBXBuildFile; fileRef = 0CB0F3532064AEE80039D95A /* NetworkController.swift */; };
		0CB0F3562064AF010039D95A /* APIController.swift in Sources */ = {isa = PBXBuildFile; fileRef = 0CB0F3552064AF010039D95A /* APIController.swift */; };
		0CB0F3582064AF1E0039D95A /* DistanceMatrixJSONModel.swift in Sources */ = {isa = PBXBuildFile; fileRef = 0CB0F3572064AF1E0039D95A /* DistanceMatrixJSONModel.swift */; };
		0CE660342065245D00DD5182 /* GooglePlacesAPIModel.swift in Sources */ = {isa = PBXBuildFile; fileRef = 0CE660332065245D00DD5182 /* GooglePlacesAPIModel.swift */; };
		5F178C56319D4E1725DBF82F /* Pods_DistanceMatrixAPI.framework in Frameworks */ = {isa = PBXBuildFile; fileRef = F3AF9BD4EB9859F2210D27D5 /* Pods_DistanceMatrixAPI.framework */; };
/* End PBXBuildFile section */

/* Begin PBXFileReference section */
		0CB0F33E2064AE7C0039D95A /* DistanceMatrixAPI.app */ = {isa = PBXFileReference; explicitFileType = wrapper.application; includeInIndex = 0; path = DistanceMatrixAPI.app; sourceTree = BUILT_PRODUCTS_DIR; };
		0CB0F3412064AE7C0039D95A /* AppDelegate.swift */ = {isa = PBXFileReference; lastKnownFileType = sourcecode.swift; path = AppDelegate.swift; sourceTree = "<group>"; };
		0CB0F3432064AE7C0039D95A /* ViewController.swift */ = {isa = PBXFileReference; lastKnownFileType = sourcecode.swift; path = ViewController.swift; sourceTree = "<group>"; };
		0CB0F3462064AE7C0039D95A /* Base */ = {isa = PBXFileReference; lastKnownFileType = file.storyboard; name = Base; path = Base.lproj/Main.storyboard; sourceTree = "<group>"; };
		0CB0F3482064AE7C0039D95A /* Assets.xcassets */ = {isa = PBXFileReference; lastKnownFileType = folder.assetcatalog; path = Assets.xcassets; sourceTree = "<group>"; };
		0CB0F34B2064AE7C0039D95A /* Base */ = {isa = PBXFileReference; lastKnownFileType = file.storyboard; name = Base; path = Base.lproj/LaunchScreen.storyboard; sourceTree = "<group>"; };
		0CB0F34D2064AE7C0039D95A /* Info.plist */ = {isa = PBXFileReference; lastKnownFileType = text.plist.xml; path = Info.plist; sourceTree = "<group>"; };
		0CB0F3532064AEE80039D95A /* NetworkController.swift */ = {isa = PBXFileReference; lastKnownFileType = sourcecode.swift; path = NetworkController.swift; sourceTree = "<group>"; };
		0CB0F3552064AF010039D95A /* APIController.swift */ = {isa = PBXFileReference; lastKnownFileType = sourcecode.swift; path = APIController.swift; sourceTree = "<group>"; };
		0CB0F3572064AF1E0039D95A /* DistanceMatrixJSONModel.swift */ = {isa = PBXFileReference; lastKnownFileType = sourcecode.swift; path = DistanceMatrixJSONModel.swift; sourceTree = "<group>"; };
		0CE660332065245D00DD5182 /* GooglePlacesAPIModel.swift */ = {isa = PBXFileReference; lastKnownFileType = sourcecode.swift; path = GooglePlacesAPIModel.swift; sourceTree = "<group>"; };
		A1EAE0070BB98E5F1A0F5538 /* Pods-DistanceMatrixAPI.debug.xcconfig */ = {isa = PBXFileReference; includeInIndex = 1; lastKnownFileType = text.xcconfig; name = "Pods-DistanceMatrixAPI.debug.xcconfig"; path = "Pods/Target Support Files/Pods-DistanceMatrixAPI/Pods-DistanceMatrixAPI.debug.xcconfig"; sourceTree = "<group>"; };
		DC9018F44EBF7582731B0D47 /* Pods-DistanceMatrixAPI.release.xcconfig */ = {isa = PBXFileReference; includeInIndex = 1; lastKnownFileType = text.xcconfig; name = "Pods-DistanceMatrixAPI.release.xcconfig"; path = "Pods/Target Support Files/Pods-DistanceMatrixAPI/Pods-DistanceMatrixAPI.release.xcconfig"; sourceTree = "<group>"; };
		F3AF9BD4EB9859F2210D27D5 /* Pods_DistanceMatrixAPI.framework */ = {isa = PBXFileReference; explicitFileType = wrapper.framework; includeInIndex = 0; path = Pods_DistanceMatrixAPI.framework; sourceTree = BUILT_PRODUCTS_DIR; };
/* End PBXFileReference section */

/* Begin PBXFrameworksBuildPhase section */
		0CB0F33B2064AE7C0039D95A /* Frameworks */ = {
			isa = PBXFrameworksBuildPhase;
			buildActionMask = 2147483647;
			files = (
				5F178C56319D4E1725DBF82F /* Pods_DistanceMatrixAPI.framework in Frameworks */,
			);
			runOnlyForDeploymentPostprocessing = 0;
		};
/* End PBXFrameworksBuildPhase section */

/* Begin PBXGroup section */
		0CB0F3352064AE7C0039D95A = {
			isa = PBXGroup;
			children = (
				0CB0F3402064AE7C0039D95A /* DistanceMatrixAPI */,
				0CB0F33F2064AE7C0039D95A /* Products */,
				2B09A972F72457BE69191945 /* Pods */,
				BF5D14B1696D2B28D6A2685D /* Frameworks */,
			);
			sourceTree = "<group>";
		};
		0CB0F33F2064AE7C0039D95A /* Products */ = {
			isa = PBXGroup;
			children = (
				0CB0F33E2064AE7C0039D95A /* DistanceMatrixAPI.app */,
			);
			name = Products;
			sourceTree = "<group>";
		};
		0CB0F3402064AE7C0039D95A /* DistanceMatrixAPI */ = {
			isa = PBXGroup;
			children = (
				0CB0F3412064AE7C0039D95A /* AppDelegate.swift */,
				0CB0F3432064AE7C0039D95A /* ViewController.swift */,
				0CB0F3552064AF010039D95A /* APIController.swift */,
				0CB0F3532064AEE80039D95A /* NetworkController.swift */,
				0CB0F3572064AF1E0039D95A /* DistanceMatrixJSONModel.swift */,
				0CE660332065245D00DD5182 /* GooglePlacesAPIModel.swift */,
				0CB0F3452064AE7C0039D95A /* Main.storyboard */,
				0CB0F3482064AE7C0039D95A /* Assets.xcassets */,
				0CB0F34A2064AE7C0039D95A /* LaunchScreen.storyboard */,
				0CB0F34D2064AE7C0039D95A /* Info.plist */,
			);
			path = DistanceMatrixAPI;
			sourceTree = "<group>";
		};
		2B09A972F72457BE69191945 /* Pods */ = {
			isa = PBXGroup;
			children = (
				A1EAE0070BB98E5F1A0F5538 /* Pods-DistanceMatrixAPI.debug.xcconfig */,
				DC9018F44EBF7582731B0D47 /* Pods-DistanceMatrixAPI.release.xcconfig */,
			);
			name = Pods;
			sourceTree = "<group>";
		};
		BF5D14B1696D2B28D6A2685D /* Frameworks */ = {
			isa = PBXGroup;
			children = (
				F3AF9BD4EB9859F2210D27D5 /* Pods_DistanceMatrixAPI.framework */,
			);
			name = Frameworks;
			sourceTree = "<group>";
		};
/* End PBXGroup section */

/* Begin PBXNativeTarget section */
		0CB0F33D2064AE7C0039D95A /* DistanceMatrixAPI */ = {
			isa = PBXNativeTarget;
			buildConfigurationList = 0CB0F3502064AE7C0039D95A /* Build configuration list for PBXNativeTarget "DistanceMatrixAPI" */;
			buildPhases = (
				033973B1ABD7995415E225DB /* [CP] Check Pods Manifest.lock */,
				0CB0F33A2064AE7C0039D95A /* Sources */,
				0CB0F33B2064AE7C0039D95A /* Frameworks */,
				0CB0F33C2064AE7C0039D95A /* Resources */,
				22DC70B943AE86DFB760B01E /* [CP] Embed Pods Frameworks */,
				A95B8CE4DB180D4B3D218595 /* [CP] Copy Pods Resources */,
			);
			buildRules = (
			);
			dependencies = (
			);
			name = DistanceMatrixAPI;
			productName = DistanceMatrixAPI;
			productReference = 0CB0F33E2064AE7C0039D95A /* DistanceMatrixAPI.app */;
			productType = "com.apple.product-type.application";
		};
/* End PBXNativeTarget section */

/* Begin PBXProject section */
		0CB0F3362064AE7C0039D95A /* Project object */ = {
			isa = PBXProject;
			attributes = {
				LastSwiftUpdateCheck = 0920;
				LastUpgradeCheck = 0920;
				ORGANIZATIONNAME = Appinventiv;
				TargetAttributes = {
					0CB0F33D2064AE7C0039D95A = {
						CreatedOnToolsVersion = 9.2;
						ProvisioningStyle = Manual;
					};
				};
			};
			buildConfigurationList = 0CB0F3392064AE7C0039D95A /* Build configuration list for PBXProject "DistanceMatrixAPI" */;
			compatibilityVersion = "Xcode 8.0";
			developmentRegion = en;
			hasScannedForEncodings = 0;
			knownRegions = (
				en,
				Base,
			);
			mainGroup = 0CB0F3352064AE7C0039D95A;
			productRefGroup = 0CB0F33F2064AE7C0039D95A /* Products */;
			projectDirPath = "";
			projectRoot = "";
			targets = (
				0CB0F33D2064AE7C0039D95A /* DistanceMatrixAPI */,
			);
		};
/* End PBXProject section */

/* Begin PBXResourcesBuildPhase section */
		0CB0F33C2064AE7C0039D95A /* Resources */ = {
			isa = PBXResourcesBuildPhase;
			buildActionMask = 2147483647;
			files = (
				0CB0F34C2064AE7C0039D95A /* LaunchScreen.storyboard in Resources */,
				0CB0F3492064AE7C0039D95A /* Assets.xcassets in Resources */,
				0CB0F3472064AE7C0039D95A /* Main.storyboard in Resources */,
			);
			runOnlyForDeploymentPostprocessing = 0;
		};
/* End PBXResourcesBuildPhase section */

/* Begin PBXShellScriptBuildPhase section */
		033973B1ABD7995415E225DB /* [CP] Check Pods Manifest.lock */ = {
			isa = PBXShellScriptBuildPhase;
			buildActionMask = 2147483647;
			files = (
			);
			inputPaths = (
				"${PODS_PODFILE_DIR_PATH}/Podfile.lock",
				"${PODS_ROOT}/Manifest.lock",
			);
			name = "[CP] Check Pods Manifest.lock";
			outputPaths = (
				"$(DERIVED_FILE_DIR)/Pods-DistanceMatrixAPI-checkManifestLockResult.txt",
			);
			runOnlyForDeploymentPostprocessing = 0;
			shellPath = /bin/sh;
			shellScript = "diff \"${PODS_PODFILE_DIR_PATH}/Podfile.lock\" \"${PODS_ROOT}/Manifest.lock\" > /dev/null\nif [ $? != 0 ] ; then\n    # print error to STDERR\n    echo \"error: The sandbox is not in sync with the Podfile.lock. Run 'pod install' or update your CocoaPods installation.\" >&2\n    exit 1\nfi\n# This output is used by Xcode 'outputs' to avoid re-running this script phase.\necho \"SUCCESS\" > \"${SCRIPT_OUTPUT_FILE_0}\"\n";
			showEnvVarsInLog = 0;
		};
		22DC70B943AE86DFB760B01E /* [CP] Embed Pods Frameworks */ = {
			isa = PBXShellScriptBuildPhase;
			buildActionMask = 2147483647;
			files = (
			);
			inputPaths = (
				"${SRCROOT}/Pods/Target Support Files/Pods-DistanceMatrixAPI/Pods-DistanceMatrixAPI-frameworks.sh",
				"${BUILT_PRODUCTS_DIR}/Alamofire/Alamofire.framework",
			);
			name = "[CP] Embed Pods Frameworks";
			outputPaths = (
				"${TARGET_BUILD_DIR}/${FRAMEWORKS_FOLDER_PATH}/Alamofire.framework",
			);
			runOnlyForDeploymentPostprocessing = 0;
			shellPath = /bin/sh;
			shellScript = "\"${SRCROOT}/Pods/Target Support Files/Pods-DistanceMatrixAPI/Pods-DistanceMatrixAPI-frameworks.sh\"\n";
			showEnvVarsInLog = 0;
		};
		A95B8CE4DB180D4B3D218595 /* [CP] Copy Pods Resources */ = {
			isa = PBXShellScriptBuildPhase;
			buildActionMask = 2147483647;
			files = (
			);
			inputPaths = (
				"${SRCROOT}/Pods/Target Support Files/Pods-DistanceMatrixAPI/Pods-DistanceMatrixAPI-resources.sh",
				"${PODS_ROOT}/GoogleMaps/Maps/Frameworks/GoogleMaps.framework/Resources/GoogleMaps.bundle",
				"${PODS_ROOT}/GooglePlaces/Frameworks/GooglePlaces.framework/Resources/GooglePlaces.bundle",
			);
			name = "[CP] Copy Pods Resources";
			outputPaths = (
				"${TARGET_BUILD_DIR}/${UNLOCALIZED_RESOURCES_FOLDER_PATH}/GoogleMaps.bundle",
				"${TARGET_BUILD_DIR}/${UNLOCALIZED_RESOURCES_FOLDER_PATH}/GooglePlaces.bundle",
			);
			runOnlyForDeploymentPostprocessing = 0;
			shellPath = /bin/sh;
			shellScript = "\"${SRCROOT}/Pods/Target Support Files/Pods-DistanceMatrixAPI/Pods-DistanceMatrixAPI-resources.sh\"\n";
			showEnvVarsInLog = 0;
		};
/* End PBXShellScriptBuildPhase section */

/* Begin PBXSourcesBuildPhase section */
		0CB0F33A2064AE7C0039D95A /* Sources */ = {
			isa = PBXSourcesBuildPhase;
			buildActionMask = 2147483647;
			files = (
				0CB0F3562064AF010039D95A /* APIController.swift in Sources */,
				0CB0F3442064AE7C0039D95A /* ViewController.swift in Sources */,
				0CB0F3422064AE7C0039D95A /* AppDelegate.swift in Sources */,
				0CE660342065245D00DD5182 /* GooglePlacesAPIModel.swift in Sources */,
				0CB0F3542064AEE80039D95A /* NetworkController.swift in Sources */,
				0CB0F3582064AF1E0039D95A /* DistanceMatrixJSONModel.swift in Sources */,
			);
			runOnlyForDeploymentPostprocessing = 0;
		};
/* End PBXSourcesBuildPhase section */

/* Begin PBXVariantGroup section */
		0CB0F3452064AE7C0039D95A /* Main.storyboard */ = {
			isa = PBXVariantGroup;
			children = (
				0CB0F3462064AE7C0039D95A /* Base */,
			);
			name = Main.storyboard;
			sourceTree = "<group>";
		};
		0CB0F34A2064AE7C0039D95A /* LaunchScreen.storyboard */ = {
			isa = PBXVariantGroup;
			children = (
				0CB0F34B2064AE7C0039D95A /* Base */,
			);
			name = LaunchScreen.storyboard;
			sourceTree = "<group>";
		};
/* End PBXVariantGroup section */

/* Begin XCBuildConfiguration section */
		0CB0F34E2064AE7C0039D95A /* Debug */ = {
			isa = XCBuildConfiguration;
			buildSettings = {
				ALWAYS_SEARCH_USER_PATHS = NO;
				CLANG_ANALYZER_NONNULL = YES;
				CLANG_ANALYZER_NUMBER_OBJECT_CONVERSION = YES_AGGRESSIVE;
				CLANG_CXX_LANGUAGE_STANDARD = "gnu++14";
				CLANG_CXX_LIBRARY = "libc++";
				CLANG_ENABLE_MODULES = YES;
				CLANG_ENABLE_OBJC_ARC = YES;
				CLANG_WARN_BLOCK_CAPTURE_AUTORELEASING = YES;
				CLANG_WARN_BOOL_CONVERSION = YES;
				CLANG_WARN_COMMA = YES;
				CLANG_WARN_CONSTANT_CONVERSION = YES;
				CLANG_WARN_DIRECT_OBJC_ISA_USAGE = YES_ERROR;
				CLANG_WARN_DOCUMENTATION_COMMENTS = YES;
				CLANG_WARN_EMPTY_BODY = YES;
				CLANG_WARN_ENUM_CONVERSION = YES;
				CLANG_WARN_INFINITE_RECURSION = YES;
				CLANG_WARN_INT_CONVERSION = YES;
				CLANG_WARN_NON_LITERAL_NULL_CONVERSION = YES;
				CLANG_WARN_OBJC_LITERAL_CONVERSION = YES;
				CLANG_WARN_OBJC_ROOT_CLASS = YES_ERROR;
				CLANG_WARN_RANGE_LOOP_ANALYSIS = YES;
				CLANG_WARN_STRICT_PROTOTYPES = YES;
				CLANG_WARN_SUSPICIOUS_MOVE = YES;
				CLANG_WARN_UNGUARDED_AVAILABILITY = YES_AGGRESSIVE;
				CLANG_WARN_UNREACHABLE_CODE = YES;
				CLANG_WARN__DUPLICATE_METHOD_MATCH = YES;
				CODE_SIGN_IDENTITY = "iPhone Developer";
				COPY_PHASE_STRIP = NO;
				DEBUG_INFORMATION_FORMAT = dwarf;
				ENABLE_STRICT_OBJC_MSGSEND = YES;
				ENABLE_TESTABILITY = YES;
				GCC_C_LANGUAGE_STANDARD = gnu11;
				GCC_DYNAMIC_NO_PIC = NO;
				GCC_NO_COMMON_BLOCKS = YES;
				GCC_OPTIMIZATION_LEVEL = 0;
				GCC_PREPROCESSOR_DEFINITIONS = (
					"DEBUG=1",
					"$(inherited)",
				);
				GCC_WARN_64_TO_32_BIT_CONVERSION = YES;
				GCC_WARN_ABOUT_RETURN_TYPE = YES_ERROR;
				GCC_WARN_UNDECLARED_SELECTOR = YES;
				GCC_WARN_UNINITIALIZED_AUTOS = YES_AGGRESSIVE;
				GCC_WARN_UNUSED_FUNCTION = YES;
				GCC_WARN_UNUSED_VARIABLE = YES;
				IPHONEOS_DEPLOYMENT_TARGET = 11.2;
				MTL_ENABLE_DEBUG_INFO = YES;
				ONLY_ACTIVE_ARCH = YES;
				SDKROOT = iphoneos;
				SWIFT_ACTIVE_COMPILATION_CONDITIONS = DEBUG;
				SWIFT_OPTIMIZATION_LEVEL = "-Onone";
			};
			name = Debug;
		};
		0CB0F34F2064AE7C0039D95A /* Release */ = {
			isa = XCBuildConfiguration;
			buildSettings = {
				ALWAYS_SEARCH_USER_PATHS = NO;
				CLANG_ANALYZER_NONNULL = YES;
				CLANG_ANALYZER_NUMBER_OBJECT_CONVERSION = YES_AGGRESSIVE;
				CLANG_CXX_LANGUAGE_STANDARD = "gnu++14";
				CLANG_CXX_LIBRARY = "libc++";
				CLANG_ENABLE_MODULES = YES;
				CLANG_ENABLE_OBJC_ARC = YES;
				CLANG_WARN_BLOCK_CAPTURE_AUTORELEASING = YES;
				CLANG_WARN_BOOL_CONVERSION = YES;
				CLANG_WARN_COMMA = YES;
				CLANG_WARN_CONSTANT_CONVERSION = YES;
				CLANG_WARN_DIRECT_OBJC_ISA_USAGE = YES_ERROR;
				CLANG_WARN_DOCUMENTATION_COMMENTS = YES;
				CLANG_WARN_EMPTY_BODY = YES;
				CLANG_WARN_ENUM_CONVERSION = YES;
				CLANG_WARN_INFINITE_RECURSION = YES;
				CLANG_WARN_INT_CONVERSION = YES;
				CLANG_WARN_NON_LITERAL_NULL_CONVERSION = YES;
				CLANG_WARN_OBJC_LITERAL_CONVERSION = YES;
				CLANG_WARN_OBJC_ROOT_CLASS = YES_ERROR;
				CLANG_WARN_RANGE_LOOP_ANALYSIS = YES;
				CLANG_WARN_STRICT_PROTOTYPES = YES;
				CLANG_WARN_SUSPICIOUS_MOVE = YES;
				CLANG_WARN_UNGUARDED_AVAILABILITY = YES_AGGRESSIVE;
				CLANG_WARN_UNREACHABLE_CODE = YES;
				CLANG_WARN__DUPLICATE_METHOD_MATCH = YES;
				CODE_SIGN_IDENTITY = "iPhone Developer";
				COPY_PHASE_STRIP = NO;
				DEBUG_INFORMATION_FORMAT = "dwarf-with-dsym";
				ENABLE_NS_ASSERTIONS = NO;
				ENABLE_STRICT_OBJC_MSGSEND = YES;
				GCC_C_LANGUAGE_STANDARD = gnu11;
				GCC_NO_COMMON_BLOCKS = YES;
				GCC_WARN_64_TO_32_BIT_CONVERSION = YES;
				GCC_WARN_ABOUT_RETURN_TYPE = YES_ERROR;
				GCC_WARN_UNDECLARED_SELECTOR = YES;
				GCC_WARN_UNINITIALIZED_AUTOS = YES_AGGRESSIVE;
				GCC_WARN_UNUSED_FUNCTION = YES;
				GCC_WARN_UNUSED_VARIABLE = YES;
				IPHONEOS_DEPLOYMENT_TARGET = 11.2;
				MTL_ENABLE_DEBUG_INFO = NO;
				SDKROOT = iphoneos;
				SWIFT_OPTIMIZATION_LEVEL = "-Owholemodule";
				VALIDATE_PRODUCT = YES;
			};
			name = Release;
		};
		0CB0F3512064AE7C0039D95A /* Debug */ = {
			isa = XCBuildConfiguration;
			baseConfigurationReference = A1EAE0070BB98E5F1A0F5538 /* Pods-DistanceMatrixAPI.debug.xcconfig */;
			buildSettings = {
				ASSETCATALOG_COMPILER_APPICON_NAME = AppIcon;
				CODE_SIGN_STYLE = Manual;
				DEVELOPMENT_TEAM = "";
				INFOPLIST_FILE = DistanceMatrixAPI/Info.plist;
				LD_RUNPATH_SEARCH_PATHS = "$(inherited) @executable_path/Frameworks";
				PRODUCT_BUNDLE_IDENTIFIER = org.cocoapods.Pods.DistanceMatrixAPI;
				PRODUCT_NAME = "$(TARGET_NAME)";
				PROVISIONING_PROFILE_SPECIFIER = "";
				SWIFT_VERSION = 4.0;
				TARGETED_DEVICE_FAMILY = "1,2";
			};
			name = Debug;
		};
		0CB0F3522064AE7C0039D95A /* Release */ = {
			isa = XCBuildConfiguration;
			baseConfigurationReference = DC9018F44EBF7582731B0D47 /* Pods-DistanceMatrixAPI.release.xcconfig */;
			buildSettings = {
				ASSETCATALOG_COMPILER_APPICON_NAME = AppIcon;
				CODE_SIGN_STYLE = Manual;
				DEVELOPMENT_TEAM = "";
				INFOPLIST_FILE = DistanceMatrixAPI/Info.plist;
				LD_RUNPATH_SEARCH_PATHS = "$(inherited) @executable_path/Frameworks";
				PRODUCT_BUNDLE_IDENTIFIER = org.cocoapods.Pods.DistanceMatrixAPI;
				PRODUCT_NAME = "$(TARGET_NAME)";
				PROVISIONING_PROFILE_SPECIFIER = "";
				SWIFT_VERSION = 4.0;
				TARGETED_DEVICE_FAMILY = "1,2";
			};
			name = Release;
		};
/* End XCBuildConfiguration section */

/* Begin XCConfigurationList section */
		0CB0F3392064AE7C0039D95A /* Build configuration list for PBXProject "DistanceMatrixAPI" */ = {
			isa = XCConfigurationList;
			buildConfigurations = (
				0CB0F34E2064AE7C0039D95A /* Debug */,
				0CB0F34F2064AE7C0039D95A /* Release */,
			);
			defaultConfigurationIsVisible = 0;
			defaultConfigurationName = Release;
		};
		0CB0F3502064AE7C0039D95A /* Build configuration list for PBXNativeTarget "DistanceMatrixAPI" */ = {
			isa = XCConfigurationList;
			buildConfigurations = (
				0CB0F3512064AE7C0039D95A /* Debug */,
				0CB0F3522064AE7C0039D95A /* Release */,
			);
			defaultConfigurationIsVisible = 0;
			defaultConfigurationName = Release;
		};
/* End XCConfigurationList section */
	};
	rootObject = 0CB0F3362064AE7C0039D95A /* Project object */;
}
